
Microsoft Visual Studio Solution File, Format Version 12.00
# Visual Studio Version 17
VisualStudioVersion = 17.9.34622.214
MinimumVisualStudioVersion = 10.0.40219.1
Project("{FAE04EC0-301F-11D3-BF4B-00C04F79EFBC}") = "AppData", "DeThiThu1_04_06_2024\AppData.csproj", "{A5E1D5A9-F694-489F-B7CB-0F4FB4009E8A}"
EndProject
Project("{FAE04EC0-301F-11D3-BF4B-00C04F79EFBC}") = "AppAPI", "AppAPI\AppAPI.csproj", "{B6FFE126-6F2B-4188-9212-C518F9493F5F}"
EndProject
Project("{FAE04EC0-301F-11D3-BF4B-00C04F79EFBC}") = "AppView", "AppView\AppView.csproj", "{5CA2B894-1D95-44F6-ACBD-D758469F3D4D}"
EndProject
Global
	GlobalSection(SolutionConfigurationPlatforms) = preSolution
		Debug|Any CPU = Debug|Any CPU
		Release|Any CPU = Release|Any CPU
	EndGlobalSection
	GlobalSection(ProjectConfigurationPlatforms) = postSolution
		{A5E1D5A9-F694-489F-B7CB-0F4FB4009E8A}.Debug|Any CPU.ActiveCfg = Debug|Any CPU
		{A5E1D5A9-F694-489F-B7CB-0F4FB4009E8A}.Debug|Any CPU.Build.0 = Debug|Any CPU
		{A5E1D5A9-F694-489F-B7CB-0F4FB4009E8A}.Release|Any CPU.ActiveCfg = Release|Any CPU
		{A5E1D5A9-F694-489F-B7CB-0F4FB4009E8A}.Release|Any CPU.Build.0 = Release|Any CPU
		{B6FFE126-6F2B-4188-9212-C518F9493F5F}.Debug|Any CPU.ActiveCfg = Debug|Any CPU
		{B6FFE126-6F2B-4188-9212-C518F9493F5F}.Debug|Any CPU.Build.0 = Debug|Any CPU
		{B6FFE126-6F2B-4188-9212-C518F9493F5F}.Release|Any CPU.ActiveCfg = Release|Any CPU
		{B6FFE126-6F2B-4188-9212-C518F9493F5F}.Release|Any CPU.Build.0 = Release|Any CPU
		{5CA2B894-1D95-44F6-ACBD-D758469F3D4D}.Debug|Any CPU.ActiveCfg = Debug|Any CPU
		{5CA2B894-1D95-44F6-ACBD-D758469F3D4D}.Debug|Any CPU.Build.0 = Debug|Any CPU
		{5CA2B894-1D95-44F6-ACBD-D758469F3D4D}.Release|Any CPU.ActiveCfg = Release|Any CPU
		{5CA2B894-1D95-44F6-ACBD-D758469F3D4D}.Release|Any CPU.Build.0 = Release|Any CPU
	EndGlobalSection
	GlobalSection(SolutionProperties) = preSolution
		HideSolutionNode = FALSE
	EndGlobalSection
	GlobalSection(ExtensibilityGlobals) = postSolution
		SolutionGuid = {4C456F4F-3F0B-4EA9-BFD3-906CE3EF7603}
	EndGlobalSection
EndGlobal
